{
  "name": "language-lsl2",
  "version": "0.0.1",
  "lockfileVersion": 1,
  "requires": true,
  "dependencies": {
    "nan": {
      "version": "2.11.1",
      "resolved": "https://registry.npmjs.org/nan/-/nan-2.11.1.tgz",
      "integrity": "sha512-iji6k87OSXa0CcrLl9z+ZiYSuR2o+c0bGuNmXdrhTQTakxytAFsC56SArGYoiHlJlFoHSnvmhpceZJaXkVuOtA=="
    },
    "prettier": {
      "version": "1.14.3",
      "resolved": "https://registry.npmjs.org/prettier/-/prettier-1.14.3.tgz",
      "integrity": "sha512-qZDVnCrnpsRJJq5nSsiHCE3BYMED2OtsI+cmzIzF1QIfqm5ALf8tEJcO27zV1gKNKRPdhjO0dNWnrzssDQ1tFg==",
      "dev": true
    },
    "tree-sitter-lsl2": {
      "version": "0.0.5",
      "resolved": "https://registry.npmjs.org/tree-sitter-lsl2/-/tree-sitter-lsl2-0.0.5.tgz",
      "integrity": "sha512-W9FK4juBgsRfZPTtRThNu59rpYsPArDEMdzZ9R2tCZDFkcmQK3tXvngkk4LvUQXE3h+06KWNjHGACfDtXgbagA==",
      "requires": {
        "nan": "^2.11.1"
      }
    }
  }
}
